
Microsoft Visual Studio Solution File, Format Version 12.00
# Visual Studio Version 16
VisualStudioVersion = 16.0.31515.178
MinimumVisualStudioVersion = 10.0.40219.1
Project("{8BC9CEB8-8B4A-11D0-8D11-00A0C91BC942}") = "Fanction Arrays", "Fanction Arrays\Fanction Arrays.vcxproj", "{25D52C48-31C8-4096-A8B7-CC6E725D0961}"
EndProject
Global
	GlobalSection(SolutionConfigurationPlatforms) = preSolution
		Debug|x64 = Debug|x64
		Debug|x86 = Debug|x86
		Release|x64 = Release|x64
		Release|x86 = Release|x86
	EndGlobalSection
	GlobalSection(ProjectConfigurationPlatforms) = postSolution
		{25D52C48-31C8-4096-A8B7-CC6E725D0961}.Debug|x64.ActiveCfg = Debug|x64
		{25D52C48-31C8-4096-A8B7-CC6E725D0961}.Debug|x64.Build.0 = Debug|x64
		{25D52C48-31C8-4096-A8B7-CC6E725D0961}.Debug|x86.ActiveCfg = Debug|Win32
		{25D52C48-31C8-4096-A8B7-CC6E725D0961}.Debug|x86.Build.0 = Debug|Win32
		{25D52C48-31C8-4096-A8B7-CC6E725D0961}.Release|x64.ActiveCfg = Release|x64
		{25D52C48-31C8-4096-A8B7-CC6E725D0961}.Release|x64.Build.0 = Release|x64
		{25D52C48-31C8-4096-A8B7-CC6E725D0961}.Release|x86.ActiveCfg = Release|Win32
		{25D52C48-31C8-4096-A8B7-CC6E725D0961}.Release|x86.Build.0 = Release|Win32
	EndGlobalSection
	GlobalSection(SolutionProperties) = preSolution
		HideSolutionNode = FALSE
	EndGlobalSection
	GlobalSection(ExtensibilityGlobals) = postSolution
		SolutionGuid = {F40C0A2C-1FBA-4034-A276-847D04E2E37A}
	EndGlobalSection
EndGlobal
